
Microsoft Visual Studio Solution File, Format Version 12.00
# Visual Studio 15
VisualStudioVersion = 15.0.27004.2005
MinimumVisualStudioVersion = 10.0.40219.1
Project("{FAE04EC0-301F-11D3-BF4B-00C04F79EFBC}") = "AndroidClient", "AndroidClient\AndroidClient.csproj", "{DEF172C5-86E0-45D5-8102-EA1D8861CAB4}"
EndProject
Global
	GlobalSection(SolutionConfigurationPlatforms) = preSolution
		Debug|Any CPU = Debug|Any CPU
		Release|Any CPU = Release|Any CPU
	EndGlobalSection
	GlobalSection(ProjectConfigurationPlatforms) = postSolution
		{DEF172C5-86E0-45D5-8102-EA1D8861CAB4}.Debug|Any CPU.ActiveCfg = Debug|Any CPU
		{DEF172C5-86E0-45D5-8102-EA1D8861CAB4}.Debug|Any CPU.Build.0 = Debug|Any CPU
		{DEF172C5-86E0-45D5-8102-EA1D8861CAB4}.Debug|Any CPU.Deploy.0 = Debug|Any CPU
		{DEF172C5-86E0-45D5-8102-EA1D8861CAB4}.Release|Any CPU.ActiveCfg = Release|Any CPU
		{DEF172C5-86E0-45D5-8102-EA1D8861CAB4}.Release|Any CPU.Build.0 = Release|Any CPU
		{DEF172C5-86E0-45D5-8102-EA1D8861CAB4}.Release|Any CPU.Deploy.0 = Release|Any CPU
	EndGlobalSection
	GlobalSection(SolutionProperties) = preSolution
		HideSolutionNode = FALSE
	EndGlobalSection
	GlobalSection(ExtensibilityGlobals) = postSolution
		SolutionGuid = {88394E14-4F18-4D34-960C-77C350F1EC9A}
	EndGlobalSection
EndGlobal
